uuid: ff595e84-1da4-4a2f-941c-39e594880115
langcode: en
status: true
dependencies:
  config:
    - block_content.type.couple_story_block
  module:
    - content_translation
third_party_settings:
  content_translation:
    enabled: false
_core:
  default_config_hash: lMvJWo6GtG5jbBVGXB3PV1QjJg52mtjlMSWtDs1pFRg
id: block_content.couple_story_block
target_entity_type_id: block_content
target_bundle: couple_story_block
default_langcode: en
language_alterable: false
